
Microsoft Visual Studio Solution File, Format Version 12.00
# Visual Studio Version 17
VisualStudioVersion = 17.10.35027.167
MinimumVisualStudioVersion = 10.0.40219.1
Project("{FAE04EC0-301F-11D3-BF4B-00C04F79EFBC}") = "LS.Tareas.App", "LS.Tareas.App\LS.Tareas.App.csproj", "{F16E2592-9D2F-4A87-A6F8-F940383CBB72}"
EndProject
Project("{FAE04EC0-301F-11D3-BF4B-00C04F79EFBC}") = "LS.Tareas.Api", "LS.Tareas.Api\LS.Tareas.Api.csproj", "{49F67774-46F2-4551-AA67-E646E7B36300}"
EndProject
Global
	GlobalSection(SolutionConfigurationPlatforms) = preSolution
		Debug|Any CPU = Debug|Any CPU
		Release|Any CPU = Release|Any CPU
	EndGlobalSection
	GlobalSection(ProjectConfigurationPlatforms) = postSolution
		{F16E2592-9D2F-4A87-A6F8-F940383CBB72}.Debug|Any CPU.ActiveCfg = Debug|Any CPU
		{F16E2592-9D2F-4A87-A6F8-F940383CBB72}.Debug|Any CPU.Build.0 = Debug|Any CPU
		{F16E2592-9D2F-4A87-A6F8-F940383CBB72}.Release|Any CPU.ActiveCfg = Release|Any CPU
		{F16E2592-9D2F-4A87-A6F8-F940383CBB72}.Release|Any CPU.Build.0 = Release|Any CPU
		{49F67774-46F2-4551-AA67-E646E7B36300}.Debug|Any CPU.ActiveCfg = Debug|Any CPU
		{49F67774-46F2-4551-AA67-E646E7B36300}.Debug|Any CPU.Build.0 = Debug|Any CPU
		{49F67774-46F2-4551-AA67-E646E7B36300}.Release|Any CPU.ActiveCfg = Release|Any CPU
		{49F67774-46F2-4551-AA67-E646E7B36300}.Release|Any CPU.Build.0 = Release|Any CPU
	EndGlobalSection
	GlobalSection(SolutionProperties) = preSolution
		HideSolutionNode = FALSE
	EndGlobalSection
	GlobalSection(ExtensibilityGlobals) = postSolution
		SolutionGuid = {6472B762-A51F-40EF-BEC7-677CB4D84147}
	EndGlobalSection
EndGlobal
